
Microsoft Visual Studio Solution File, Format Version 12.00
# Visual Studio Version 17
VisualStudioVersion = 17.7.34024.191
MinimumVisualStudioVersion = 10.0.40219.1
Project("{FAE04EC0-301F-11D3-BF4B-00C04F79EFBC}") = "CardGame", "CardGame\CardGame.csproj", "{2AA4EE50-7EBB-4DB8-BA90-9F4986FD48FB}"
EndProject
Global
	GlobalSection(SolutionConfigurationPlatforms) = preSolution
		Debug|Any CPU = Debug|Any CPU
		Release|Any CPU = Release|Any CPU
	EndGlobalSection
	GlobalSection(ProjectConfigurationPlatforms) = postSolution
		{2AA4EE50-7EBB-4DB8-BA90-9F4986FD48FB}.Debug|Any CPU.ActiveCfg = Debug|Any CPU
		{2AA4EE50-7EBB-4DB8-BA90-9F4986FD48FB}.Debug|Any CPU.Build.0 = Debug|Any CPU
		{2AA4EE50-7EBB-4DB8-BA90-9F4986FD48FB}.Release|Any CPU.ActiveCfg = Release|Any CPU
		{2AA4EE50-7EBB-4DB8-BA90-9F4986FD48FB}.Release|Any CPU.Build.0 = Release|Any CPU
	EndGlobalSection
	GlobalSection(SolutionProperties) = preSolution
		HideSolutionNode = FALSE
	EndGlobalSection
	GlobalSection(ExtensibilityGlobals) = postSolution
		SolutionGuid = {4D4A01F3-D397-4C56-A5B7-31259561AE10}
	EndGlobalSection
EndGlobal
